
Microsoft Visual Studio Solution File, Format Version 12.00
# Visual Studio Version 16
VisualStudioVersion = 16.0.31129.286
MinimumVisualStudioVersion = 10.0.40219.1
Project("{9A19103F-16F7-4668-BE54-9A1E7A4F7556}") = "DLL", "DLL\DLL.csproj", "{5D718C41-6F8C-4CD0-B319-3A79E0CDD866}"
EndProject
Project("{9A19103F-16F7-4668-BE54-9A1E7A4F7556}") = "StacksQueues", "StacksQueues\StacksQueues.csproj", "{FB51F455-36C5-4269-B418-05AF835F3ABA}"
EndProject
Project("{9A19103F-16F7-4668-BE54-9A1E7A4F7556}") = "BST", "BST\BST.csproj", "{1185669F-F24D-4680-89B6-A346F33B4DA2}"
EndProject
Project("{9A19103F-16F7-4668-BE54-9A1E7A4F7556}") = "SSL", "SLL\SSL.csproj", "{B36EBFF0-7CD7-4BCA-8F83-B4F3752BA693}"
EndProject
Global
	GlobalSection(SolutionConfigurationPlatforms) = preSolution
		Debug|Any CPU = Debug|Any CPU
		Release|Any CPU = Release|Any CPU
	EndGlobalSection
	GlobalSection(ProjectConfigurationPlatforms) = postSolution
		{5D718C41-6F8C-4CD0-B319-3A79E0CDD866}.Debug|Any CPU.ActiveCfg = Debug|Any CPU
		{5D718C41-6F8C-4CD0-B319-3A79E0CDD866}.Debug|Any CPU.Build.0 = Debug|Any CPU
		{5D718C41-6F8C-4CD0-B319-3A79E0CDD866}.Release|Any CPU.ActiveCfg = Release|Any CPU
		{5D718C41-6F8C-4CD0-B319-3A79E0CDD866}.Release|Any CPU.Build.0 = Release|Any CPU
		{FB51F455-36C5-4269-B418-05AF835F3ABA}.Debug|Any CPU.ActiveCfg = Debug|Any CPU
		{FB51F455-36C5-4269-B418-05AF835F3ABA}.Debug|Any CPU.Build.0 = Debug|Any CPU
		{FB51F455-36C5-4269-B418-05AF835F3ABA}.Release|Any CPU.ActiveCfg = Release|Any CPU
		{FB51F455-36C5-4269-B418-05AF835F3ABA}.Release|Any CPU.Build.0 = Release|Any CPU
		{1185669F-F24D-4680-89B6-A346F33B4DA2}.Debug|Any CPU.ActiveCfg = Debug|Any CPU
		{1185669F-F24D-4680-89B6-A346F33B4DA2}.Debug|Any CPU.Build.0 = Debug|Any CPU
		{1185669F-F24D-4680-89B6-A346F33B4DA2}.Release|Any CPU.ActiveCfg = Release|Any CPU
		{1185669F-F24D-4680-89B6-A346F33B4DA2}.Release|Any CPU.Build.0 = Release|Any CPU
		{B36EBFF0-7CD7-4BCA-8F83-B4F3752BA693}.Debug|Any CPU.ActiveCfg = Debug|Any CPU
		{B36EBFF0-7CD7-4BCA-8F83-B4F3752BA693}.Debug|Any CPU.Build.0 = Debug|Any CPU
		{B36EBFF0-7CD7-4BCA-8F83-B4F3752BA693}.Release|Any CPU.ActiveCfg = Release|Any CPU
		{B36EBFF0-7CD7-4BCA-8F83-B4F3752BA693}.Release|Any CPU.Build.0 = Release|Any CPU
	EndGlobalSection
	GlobalSection(SolutionProperties) = preSolution
		HideSolutionNode = FALSE
	EndGlobalSection
	GlobalSection(ExtensibilityGlobals) = postSolution
		SolutionGuid = {117004FC-6F6D-48B1-A2D5-EA4FCB289756}
	EndGlobalSection
EndGlobal
